
Microsoft Visual Studio Solution File, Format Version 12.00
# Visual Studio 14
VisualStudioVersion = 14.0.25420.1
MinimumVisualStudioVersion = 10.0.40219.1
Project("{8BC9CEB8-8B4A-11D0-8D11-00A0C91BC942}") = "Eg01_EditablePicture", "Eg01_EditablePicture\Eg01_EditablePicture.vcxproj", "{E6D59D30-D8B5-4804-B560-531C126AE9DF}"
EndProject
Project("{2150E333-8FDC-42A3-9474-1A3956D46DE8}") = "Solution Items", "Solution Items", "{900F5072-F333-4710-8CDC-33A34F87F2F3}"
	ProjectSection(SolutionItems) = preProject
		Readme.md = Readme.md
	EndProjectSection
EndProject
Project("{8BC9CEB8-8B4A-11D0-8D11-00A0C91BC942}") = "Eg02_ElasticNodes", "Eg02_ElasticNodes\Eg02_ElasticNodes.vcxproj", "{B12702AD-ABFB-343A-A199-8E24837244A3}"
EndProject
Project("{8BC9CEB8-8B4A-11D0-8D11-00A0C91BC942}") = "Eg03_ImageCrop", "Eg03_ImageCrop\Eg03_ImageCrop.vcxproj", "{899F9625-C520-46A1-AB4F-4D3A78BC8392}"
EndProject
Project("{8BC9CEB8-8B4A-11D0-8D11-00A0C91BC942}") = "Eg04_ImageCrop", "Eg04_ImageCrop\Eg04_ImageCrop.vcxproj", "{08350FD4-76AD-4224-9D69-69011B6F2C45}"
EndProject
Project("{8BC9CEB8-8B4A-11D0-8D11-00A0C91BC942}") = "Eg05_ImageCrop", "Eg05_ImageCrop\Eg05_ImageCrop.vcxproj", "{7B4942F8-3F62-4B57-B5A1-4C5B13B75D2C}"
EndProject
Project("{8BC9CEB8-8B4A-11D0-8D11-00A0C91BC942}") = "Eg06_RangeSlider", "Eg06_RangeSlider\Eg06_RangeSlider.vcxproj", "{E2F80A62-19AA-4682-AEEF-078E43FD3D9C}"
EndProject
Project("{8BC9CEB8-8B4A-11D0-8D11-00A0C91BC942}") = "Eg07_ImageListWidget", "Eg07_ImageListWidget\Eg07_ImageListWidget.vcxproj", "{05DFE15F-2DCA-47AB-B435-C530AF52BAB9}"
EndProject
Project("{8BC9CEB8-8B4A-11D0-8D11-00A0C91BC942}") = "Eg08_ImageWidget", "Eg08_ImageWidget\Eg08_ImageWidget.vcxproj", "{62D0BE5E-7D31-42FC-B01F-4BEC066C7525}"
EndProject
Project("{8BC9CEB8-8B4A-11D0-8D11-00A0C91BC942}") = "Eg09_Scroll", "Eg09_Scroll\Eg09_Scroll.vcxproj", "{1C28E51D-FC55-41B6-A076-72E45150669A}"
EndProject
Project("{8BC9CEB8-8B4A-11D0-8D11-00A0C91BC942}") = "Eg10_QSS", "Eg10_QSS\Eg10_QSS.vcxproj", "{6E7E48C0-C024-4BFE-B60F-B2C16195216D}"
EndProject
Project("{8BC9CEB8-8B4A-11D0-8D11-00A0C91BC942}") = "PictureEdit", "PictureEdit\PictureEdit.vcxproj", "{3A320AB9-3F5F-4270-B06B-98B648C75BE7}"
EndProject
Project("{8BC9CEB8-8B4A-11D0-8D11-00A0C91BC942}") = "TempForTest", "TempForTest\TempForTest.vcxproj", "{E21FFABE-7B85-4493-A628-3F285F4F3936}"
EndProject
Project("{8BC9CEB8-8B4A-11D0-8D11-00A0C91BC942}") = "Eg11_Thumbnail", "Eg11_Thumbnail\Eg11_Thumbnail.vcxproj", "{10E93F46-2A7D-47AA-B76E-10A82C23ADE9}"
EndProject
Project("{8BC9CEB8-8B4A-11D0-8D11-00A0C91BC942}") = "Eg12_FramePreview", "Eg12_FramePreview\Eg12_FramePreview.vcxproj", "{49CE9962-3329-49D3-8239-4FFAA55EDC96}"
EndProject
Project("{8BC9CEB8-8B4A-11D0-8D11-00A0C91BC942}") = "Eg13_CustomizedCombobox", "Eg13_CustomizedCombobox\Eg13_CustomizedCombobox.vcxproj", "{677162EA-D6A8-43B4-8BAF-4B7D2E2A64AB}"
EndProject
Project("{8BC9CEB8-8B4A-11D0-8D11-00A0C91BC942}") = "Eg14_ProgressDialog", "Eg14_ProgressDialog\Eg14_ProgressDialog.vcxproj", "{3192B8CE-529A-4139-A4F8-810BE205EE04}"
EndProject
Project("{8BC9CEB8-8B4A-11D0-8D11-00A0C91BC942}") = "Eg15_DragAndDrop", "Eg15_DragAndDrop\Eg15_DragAndDrop.vcxproj", "{79FC44FF-C75C-45FF-819F-D69B65C2D038}"
EndProject
Project("{8BC9CEB8-8B4A-11D0-8D11-00A0C91BC942}") = "Eg16_QtThread", "Eg16_QtThread\Eg16_QtThread.vcxproj", "{03EBD361-8DE6-47DF-A2D7-CB42B00EEB26}"
EndProject
Project("{8BC9CEB8-8B4A-11D0-8D11-00A0C91BC942}") = "Eg11_GraphicsView", "Eg11_GraphicsView\Eg11_GraphicsView.vcxproj", "{FEAA11F6-3D2E-4FA7-810F-4BF6D8097977}"
EndProject
Project("{8BC9CEB8-8B4A-11D0-8D11-00A0C91BC942}") = "Eg14_QtThread", "Eg14_QtThread\Eg14_QtThread.vcxproj", "{85D79288-878B-44E0-87E9-9A8C87EDE6E7}"
EndProject
Project("{8BC9CEB8-8B4A-11D0-8D11-00A0C91BC942}") = "ConsoleApplication1", "ConsoleApplication1\ConsoleApplication1.vcxproj", "{CA427699-C774-4C41-BAA0-9491A778D450}"
EndProject
Project("{8BC9CEB8-8B4A-11D0-8D11-00A0C91BC942}") = "Eg15_HandleExcel", "Eg15_HandleExcel\Eg15_HandleExcel.vcxproj", "{70992F3C-D533-4189-AE4D-467C98FEBC35}"
EndProject
Project("{8BC9CEB8-8B4A-11D0-8D11-00A0C91BC942}") = "Eg16_SqlBasic", "Eg16_SqlBasic\Eg16_SqlBasic.vcxproj", "{41C2616F-8E01-4F15-8A12-1613D1C78EF5}"
EndProject
Global
	GlobalSection(SolutionConfigurationPlatforms) = preSolution
		Debug|x64 = Debug|x64
		Debug|x86 = Debug|x86
		Release|x64 = Release|x64
		Release|x86 = Release|x86
	EndGlobalSection
	GlobalSection(ProjectConfigurationPlatforms) = postSolution
		{E6D59D30-D8B5-4804-B560-531C126AE9DF}.Debug|x64.ActiveCfg = Debug|x64
		{E6D59D30-D8B5-4804-B560-531C126AE9DF}.Debug|x64.Build.0 = Debug|x64
		{E6D59D30-D8B5-4804-B560-531C126AE9DF}.Debug|x86.ActiveCfg = Debug|x64
		{E6D59D30-D8B5-4804-B560-531C126AE9DF}.Release|x64.ActiveCfg = Release|x64
		{E6D59D30-D8B5-4804-B560-531C126AE9DF}.Release|x64.Build.0 = Release|x64
		{E6D59D30-D8B5-4804-B560-531C126AE9DF}.Release|x86.ActiveCfg = Release|x64
		{B12702AD-ABFB-343A-A199-8E24837244A3}.Debug|x64.ActiveCfg = Debug|x64
		{B12702AD-ABFB-343A-A199-8E24837244A3}.Debug|x64.Build.0 = Debug|x64
		{B12702AD-ABFB-343A-A199-8E24837244A3}.Debug|x86.ActiveCfg = Debug|x64
		{B12702AD-ABFB-343A-A199-8E24837244A3}.Release|x64.ActiveCfg = Release|x64
		{B12702AD-ABFB-343A-A199-8E24837244A3}.Release|x64.Build.0 = Release|x64
		{B12702AD-ABFB-343A-A199-8E24837244A3}.Release|x86.ActiveCfg = Release|x64
		{899F9625-C520-46A1-AB4F-4D3A78BC8392}.Debug|x64.ActiveCfg = Debug|x64
		{899F9625-C520-46A1-AB4F-4D3A78BC8392}.Debug|x64.Build.0 = Debug|x64
		{899F9625-C520-46A1-AB4F-4D3A78BC8392}.Debug|x86.ActiveCfg = Debug|x64
		{899F9625-C520-46A1-AB4F-4D3A78BC8392}.Release|x64.ActiveCfg = Release|x64
		{899F9625-C520-46A1-AB4F-4D3A78BC8392}.Release|x64.Build.0 = Release|x64
		{899F9625-C520-46A1-AB4F-4D3A78BC8392}.Release|x86.ActiveCfg = Release|x64
		{08350FD4-76AD-4224-9D69-69011B6F2C45}.Debug|x64.ActiveCfg = Debug|x64
		{08350FD4-76AD-4224-9D69-69011B6F2C45}.Debug|x64.Build.0 = Debug|x64
		{08350FD4-76AD-4224-9D69-69011B6F2C45}.Debug|x86.ActiveCfg = Debug|x64
		{08350FD4-76AD-4224-9D69-69011B6F2C45}.Release|x64.ActiveCfg = Release|x64
		{08350FD4-76AD-4224-9D69-69011B6F2C45}.Release|x64.Build.0 = Release|x64
		{08350FD4-76AD-4224-9D69-69011B6F2C45}.Release|x86.ActiveCfg = Release|x64
		{7B4942F8-3F62-4B57-B5A1-4C5B13B75D2C}.Debug|x64.ActiveCfg = Debug|x64
		{7B4942F8-3F62-4B57-B5A1-4C5B13B75D2C}.Debug|x64.Build.0 = Debug|x64
		{7B4942F8-3F62-4B57-B5A1-4C5B13B75D2C}.Debug|x86.ActiveCfg = Debug|x64
		{7B4942F8-3F62-4B57-B5A1-4C5B13B75D2C}.Release|x64.ActiveCfg = Release|x64
		{7B4942F8-3F62-4B57-B5A1-4C5B13B75D2C}.Release|x64.Build.0 = Release|x64
		{7B4942F8-3F62-4B57-B5A1-4C5B13B75D2C}.Release|x86.ActiveCfg = Release|x64
		{E2F80A62-19AA-4682-AEEF-078E43FD3D9C}.Debug|x64.ActiveCfg = Debug|x64
		{E2F80A62-19AA-4682-AEEF-078E43FD3D9C}.Debug|x64.Build.0 = Debug|x64
		{E2F80A62-19AA-4682-AEEF-078E43FD3D9C}.Debug|x86.ActiveCfg = Debug|x64
		{E2F80A62-19AA-4682-AEEF-078E43FD3D9C}.Release|x64.ActiveCfg = Release|x64
		{E2F80A62-19AA-4682-AEEF-078E43FD3D9C}.Release|x64.Build.0 = Release|x64
		{E2F80A62-19AA-4682-AEEF-078E43FD3D9C}.Release|x86.ActiveCfg = Release|x64
		{05DFE15F-2DCA-47AB-B435-C530AF52BAB9}.Debug|x64.ActiveCfg = Debug|x64
		{05DFE15F-2DCA-47AB-B435-C530AF52BAB9}.Debug|x64.Build.0 = Debug|x64
		{05DFE15F-2DCA-47AB-B435-C530AF52BAB9}.Debug|x86.ActiveCfg = Debug|x64
		{05DFE15F-2DCA-47AB-B435-C530AF52BAB9}.Release|x64.ActiveCfg = Release|x64
		{05DFE15F-2DCA-47AB-B435-C530AF52BAB9}.Release|x64.Build.0 = Release|x64
		{05DFE15F-2DCA-47AB-B435-C530AF52BAB9}.Release|x86.ActiveCfg = Release|x64
		{62D0BE5E-7D31-42FC-B01F-4BEC066C7525}.Debug|x64.ActiveCfg = Debug|x64
		{62D0BE5E-7D31-42FC-B01F-4BEC066C7525}.Debug|x64.Build.0 = Debug|x64
		{62D0BE5E-7D31-42FC-B01F-4BEC066C7525}.Debug|x86.ActiveCfg = Debug|x64
		{62D0BE5E-7D31-42FC-B01F-4BEC066C7525}.Release|x64.ActiveCfg = Release|x64
		{62D0BE5E-7D31-42FC-B01F-4BEC066C7525}.Release|x64.Build.0 = Release|x64
		{62D0BE5E-7D31-42FC-B01F-4BEC066C7525}.Release|x86.ActiveCfg = Release|x64
		{1C28E51D-FC55-41B6-A076-72E45150669A}.Debug|x64.ActiveCfg = Debug|x64
		{1C28E51D-FC55-41B6-A076-72E45150669A}.Debug|x64.Build.0 = Debug|x64
		{1C28E51D-FC55-41B6-A076-72E45150669A}.Debug|x86.ActiveCfg = Debug|x64
		{1C28E51D-FC55-41B6-A076-72E45150669A}.Release|x64.ActiveCfg = Release|x64
		{1C28E51D-FC55-41B6-A076-72E45150669A}.Release|x64.Build.0 = Release|x64
		{1C28E51D-FC55-41B6-A076-72E45150669A}.Release|x86.ActiveCfg = Release|x64
		{6E7E48C0-C024-4BFE-B60F-B2C16195216D}.Debug|x64.ActiveCfg = Debug|x64
		{6E7E48C0-C024-4BFE-B60F-B2C16195216D}.Debug|x64.Build.0 = Debug|x64
		{6E7E48C0-C024-4BFE-B60F-B2C16195216D}.Debug|x86.ActiveCfg = Debug|x64
		{6E7E48C0-C024-4BFE-B60F-B2C16195216D}.Release|x64.ActiveCfg = Release|x64
		{6E7E48C0-C024-4BFE-B60F-B2C16195216D}.Release|x64.Build.0 = Release|x64
		{6E7E48C0-C024-4BFE-B60F-B2C16195216D}.Release|x86.ActiveCfg = Release|x64
		{3A320AB9-3F5F-4270-B06B-98B648C75BE7}.Debug|x64.ActiveCfg = Debug|x64
		{3A320AB9-3F5F-4270-B06B-98B648C75BE7}.Debug|x64.Build.0 = Debug|x64
		{3A320AB9-3F5F-4270-B06B-98B648C75BE7}.Debug|x86.ActiveCfg = Debug|x64
		{3A320AB9-3F5F-4270-B06B-98B648C75BE7}.Release|x64.ActiveCfg = Release|x64
		{3A320AB9-3F5F-4270-B06B-98B648C75BE7}.Release|x64.Build.0 = Release|x64
		{3A320AB9-3F5F-4270-B06B-98B648C75BE7}.Release|x86.ActiveCfg = Release|x64
		{E21FFABE-7B85-4493-A628-3F285F4F3936}.Debug|x64.ActiveCfg = Debug|x64
		{E21FFABE-7B85-4493-A628-3F285F4F3936}.Debug|x64.Build.0 = Debug|x64
		{E21FFABE-7B85-4493-A628-3F285F4F3936}.Debug|x86.ActiveCfg = Debug|x64
		{E21FFABE-7B85-4493-A628-3F285F4F3936}.Release|x64.ActiveCfg = Release|x64
		{E21FFABE-7B85-4493-A628-3F285F4F3936}.Release|x64.Build.0 = Release|x64
		{E21FFABE-7B85-4493-A628-3F285F4F3936}.Release|x86.ActiveCfg = Release|x64
		{10E93F46-2A7D-47AA-B76E-10A82C23ADE9}.Debug|x64.ActiveCfg = Debug|x64
		{10E93F46-2A7D-47AA-B76E-10A82C23ADE9}.Debug|x64.Build.0 = Debug|x64
		{10E93F46-2A7D-47AA-B76E-10A82C23ADE9}.Debug|x86.ActiveCfg = Debug|x64
		{10E93F46-2A7D-47AA-B76E-10A82C23ADE9}.Release|x64.ActiveCfg = Release|x64
		{10E93F46-2A7D-47AA-B76E-10A82C23ADE9}.Release|x64.Build.0 = Release|x64
		{10E93F46-2A7D-47AA-B76E-10A82C23ADE9}.Release|x86.ActiveCfg = Release|x64
		{49CE9962-3329-49D3-8239-4FFAA55EDC96}.Debug|x64.ActiveCfg = Debug|x64
		{49CE9962-3329-49D3-8239-4FFAA55EDC96}.Debug|x64.Build.0 = Debug|x64
		{49CE9962-3329-49D3-8239-4FFAA55EDC96}.Debug|x86.ActiveCfg = Debug|x64
		{49CE9962-3329-49D3-8239-4FFAA55EDC96}.Release|x64.ActiveCfg = Release|x64
		{49CE9962-3329-49D3-8239-4FFAA55EDC96}.Release|x64.Build.0 = Release|x64
		{49CE9962-3329-49D3-8239-4FFAA55EDC96}.Release|x86.ActiveCfg = Release|x64
		{677162EA-D6A8-43B4-8BAF-4B7D2E2A64AB}.Debug|x64.ActiveCfg = Debug|x64
		{677162EA-D6A8-43B4-8BAF-4B7D2E2A64AB}.Debug|x64.Build.0 = Debug|x64
		{677162EA-D6A8-43B4-8BAF-4B7D2E2A64AB}.Debug|x86.ActiveCfg = Debug|x64
		{677162EA-D6A8-43B4-8BAF-4B7D2E2A64AB}.Release|x64.ActiveCfg = Release|x64
		{677162EA-D6A8-43B4-8BAF-4B7D2E2A64AB}.Release|x64.Build.0 = Release|x64
		{677162EA-D6A8-43B4-8BAF-4B7D2E2A64AB}.Release|x86.ActiveCfg = Release|x64
		{3192B8CE-529A-4139-A4F8-810BE205EE04}.Debug|x64.ActiveCfg = Debug|x64
		{3192B8CE-529A-4139-A4F8-810BE205EE04}.Debug|x64.Build.0 = Debug|x64
		{3192B8CE-529A-4139-A4F8-810BE205EE04}.Debug|x86.ActiveCfg = Debug|x64
		{3192B8CE-529A-4139-A4F8-810BE205EE04}.Release|x64.ActiveCfg = Release|x64
		{3192B8CE-529A-4139-A4F8-810BE205EE04}.Release|x64.Build.0 = Release|x64
		{3192B8CE-529A-4139-A4F8-810BE205EE04}.Release|x86.ActiveCfg = Release|x64
		{79FC44FF-C75C-45FF-819F-D69B65C2D038}.Debug|x64.ActiveCfg = Debug|x64
		{79FC44FF-C75C-45FF-819F-D69B65C2D038}.Debug|x64.Build.0 = Debug|x64
		{79FC44FF-C75C-45FF-819F-D69B65C2D038}.Debug|x86.ActiveCfg = Debug|x64
		{79FC44FF-C75C-45FF-819F-D69B65C2D038}.Release|x64.ActiveCfg = Release|x64
		{79FC44FF-C75C-45FF-819F-D69B65C2D038}.Release|x64.Build.0 = Release|x64
		{79FC44FF-C75C-45FF-819F-D69B65C2D038}.Release|x86.ActiveCfg = Release|x64
		{03EBD361-8DE6-47DF-A2D7-CB42B00EEB26}.Debug|x64.ActiveCfg = Debug|x64
		{03EBD361-8DE6-47DF-A2D7-CB42B00EEB26}.Debug|x64.Build.0 = Debug|x64
		{03EBD361-8DE6-47DF-A2D7-CB42B00EEB26}.Debug|x86.ActiveCfg = Debug|x64
		{03EBD361-8DE6-47DF-A2D7-CB42B00EEB26}.Release|x64.ActiveCfg = Release|x64
		{03EBD361-8DE6-47DF-A2D7-CB42B00EEB26}.Release|x64.Build.0 = Release|x64
		{03EBD361-8DE6-47DF-A2D7-CB42B00EEB26}.Release|x86.ActiveCfg = Release|x64
		{FEAA11F6-3D2E-4FA7-810F-4BF6D8097977}.Debug|x64.ActiveCfg = Debug|x64
		{FEAA11F6-3D2E-4FA7-810F-4BF6D8097977}.Debug|x64.Build.0 = Debug|x64
		{FEAA11F6-3D2E-4FA7-810F-4BF6D8097977}.Debug|x86.ActiveCfg = Debug|x64
		{FEAA11F6-3D2E-4FA7-810F-4BF6D8097977}.Release|x64.ActiveCfg = Release|x64
		{FEAA11F6-3D2E-4FA7-810F-4BF6D8097977}.Release|x64.Build.0 = Release|x64
		{FEAA11F6-3D2E-4FA7-810F-4BF6D8097977}.Release|x86.ActiveCfg = Release|x64
		{85D79288-878B-44E0-87E9-9A8C87EDE6E7}.Debug|x64.ActiveCfg = Debug|x64
		{85D79288-878B-44E0-87E9-9A8C87EDE6E7}.Debug|x64.Build.0 = Debug|x64
		{85D79288-878B-44E0-87E9-9A8C87EDE6E7}.Debug|x86.ActiveCfg = Debug|x64
		{85D79288-878B-44E0-87E9-9A8C87EDE6E7}.Release|x64.ActiveCfg = Release|x64
		{85D79288-878B-44E0-87E9-9A8C87EDE6E7}.Release|x64.Build.0 = Release|x64
		{85D79288-878B-44E0-87E9-9A8C87EDE6E7}.Release|x86.ActiveCfg = Release|x64
		{CA427699-C774-4C41-BAA0-9491A778D450}.Debug|x64.ActiveCfg = Debug|x64
		{CA427699-C774-4C41-BAA0-9491A778D450}.Debug|x64.Build.0 = Debug|x64
		{CA427699-C774-4C41-BAA0-9491A778D450}.Debug|x86.ActiveCfg = Debug|Win32
		{CA427699-C774-4C41-BAA0-9491A778D450}.Debug|x86.Build.0 = Debug|Win32
		{CA427699-C774-4C41-BAA0-9491A778D450}.Release|x64.ActiveCfg = Release|x64
		{CA427699-C774-4C41-BAA0-9491A778D450}.Release|x64.Build.0 = Release|x64
		{CA427699-C774-4C41-BAA0-9491A778D450}.Release|x86.ActiveCfg = Release|Win32
		{CA427699-C774-4C41-BAA0-9491A778D450}.Release|x86.Build.0 = Release|Win32
		{70992F3C-D533-4189-AE4D-467C98FEBC35}.Debug|x64.ActiveCfg = Debug|x64
		{70992F3C-D533-4189-AE4D-467C98FEBC35}.Debug|x64.Build.0 = Debug|x64
		{70992F3C-D533-4189-AE4D-467C98FEBC35}.Debug|x86.ActiveCfg = Debug|x64
		{70992F3C-D533-4189-AE4D-467C98FEBC35}.Release|x64.ActiveCfg = Release|x64
		{70992F3C-D533-4189-AE4D-467C98FEBC35}.Release|x64.Build.0 = Release|x64
		{70992F3C-D533-4189-AE4D-467C98FEBC35}.Release|x86.ActiveCfg = Release|x64
		{41C2616F-8E01-4F15-8A12-1613D1C78EF5}.Debug|x64.ActiveCfg = Debug|x64
		{41C2616F-8E01-4F15-8A12-1613D1C78EF5}.Debug|x64.Build.0 = Debug|x64
		{41C2616F-8E01-4F15-8A12-1613D1C78EF5}.Debug|x86.ActiveCfg = Debug|x64
		{41C2616F-8E01-4F15-8A12-1613D1C78EF5}.Release|x64.ActiveCfg = Release|x64
		{41C2616F-8E01-4F15-8A12-1613D1C78EF5}.Release|x64.Build.0 = Release|x64
		{41C2616F-8E01-4F15-8A12-1613D1C78EF5}.Release|x86.ActiveCfg = Release|x64
	EndGlobalSection
	GlobalSection(SolutionProperties) = preSolution
		HideSolutionNode = FALSE
	EndGlobalSection
EndGlobal
